
Microsoft Visual Studio Solution File, Format Version 12.00
# Visual Studio 14
VisualStudioVersion = 14.0.23107.0
MinimumVisualStudioVersion = 10.0.40219.1
Project("{FAE04EC0-301F-11D3-BF4B-00C04F79EFBC}") = "Messenger", "Messenger\Messenger.csproj", "{723B60B5-9B0A-4897-AB8F-C747CF7FEAA2}"
EndProject
Project("{FAE04EC0-301F-11D3-BF4B-00C04F79EFBC}") = "Messenger.Dialogs", "Messenger.Dialogs\Messenger.Dialogs.csproj", "{28FF91AB-E5DC-47CA-997F-B8BCDCE887FF}"
EndProject
Global
	GlobalSection(SolutionConfigurationPlatforms) = preSolution
		Debug|Any CPU = Debug|Any CPU
		Release|Any CPU = Release|Any CPU
	EndGlobalSection
	GlobalSection(ProjectConfigurationPlatforms) = postSolution
		{723B60B5-9B0A-4897-AB8F-C747CF7FEAA2}.Debug|Any CPU.ActiveCfg = Debug|Any CPU
		{723B60B5-9B0A-4897-AB8F-C747CF7FEAA2}.Debug|Any CPU.Build.0 = Debug|Any CPU
		{723B60B5-9B0A-4897-AB8F-C747CF7FEAA2}.Release|Any CPU.ActiveCfg = Release|Any CPU
		{723B60B5-9B0A-4897-AB8F-C747CF7FEAA2}.Release|Any CPU.Build.0 = Release|Any CPU
		{28FF91AB-E5DC-47CA-997F-B8BCDCE887FF}.Debug|Any CPU.ActiveCfg = Debug|Any CPU
		{28FF91AB-E5DC-47CA-997F-B8BCDCE887FF}.Debug|Any CPU.Build.0 = Debug|Any CPU
		{28FF91AB-E5DC-47CA-997F-B8BCDCE887FF}.Release|Any CPU.ActiveCfg = Release|Any CPU
		{28FF91AB-E5DC-47CA-997F-B8BCDCE887FF}.Release|Any CPU.Build.0 = Release|Any CPU
	EndGlobalSection
	GlobalSection(SolutionProperties) = preSolution
		HideSolutionNode = FALSE
	EndGlobalSection
EndGlobal
